// !$*UTF8*$!
{
	archiveVersion = 1;
	classes = {
	};
	objectVersion = 77;
	objects = {

/* Begin PBXBuildFile section */
		BE00D7F42EA57680000203BD /* EntriesView.swift in Sources */ = {isa = PBXBuildFile; fileRef = BE00D7F22EA57680000203BD /* EntriesView.swift */; };
		BE00D7F52EA57680000203BD /* PeopleView.swift in Sources */ = {isa = PBXBuildFile; fileRef = BE00D7F32EA57680000203BD /* PeopleView.swift */; };
		BE00D7F62EA57680000203BD /* AlarmsView.swift in Sources */ = {isa = PBXBuildFile; fileRef = BE00D7F12EA57680000203BD /* AlarmsView.swift */; };
		BE00D7F82EA57B7C000203BD /* EntriesRowView.swift in Sources */ = {isa = PBXBuildFile; fileRef = BE00D7F72EA57B7C000203BD /* EntriesRowView.swift */; };
		BE407C682DFE5D680048CE1A /* WidgetKit.framework in Frameworks */ = {isa = PBXBuildFile; fileRef = BE407C672DFE5D680048CE1A /* WidgetKit.framework */; };
		BE407C6A2DFE5D680048CE1A /* SwiftUI.framework in Frameworks */ = {isa = PBXBuildFile; fileRef = BE407C692DFE5D680048CE1A /* SwiftUI.framework */; };
		BE407C772DFE5D6A0048CE1A /* NotesToSelfWidgetExtension.appex in Embed Foundation Extensions */ = {isa = PBXBuildFile; fileRef = BE407C652DFE5D680048CE1A /* NotesToSelfWidgetExtension.appex */; settings = {ATTRIBUTES = (RemoveHeadersOnCopy, ); }; };
		BE6EC8622E8B7F9F004D9E63 /* ImportNotesView.swift in Sources */ = {isa = PBXBuildFile; fileRef = BE6EC8602E8B7F9F004D9E63 /* ImportNotesView.swift */; };
		BEA9AE742E04FE1D00F3F867 /* ContentView.swift in Sources */ = {isa = PBXBuildFile; fileRef = BEA9AE712E04FE1D00F3F867 /* ContentView.swift */; };
		BEA9AE752E04FE1D00F3F867 /* ExpandingTextView.swift in Sources */ = {isa = PBXBuildFile; fileRef = BEA9AE6E2E04FE1D00F3F867 /* ExpandingTextView.swift */; };
		BEA9AE762E04FE1D00F3F867 /* NotesStore.swift in Sources */ = {isa = PBXBuildFile; fileRef = BEA9AE6C2E04FE1D00F3F867 /* NotesStore.swift */; };
		BEA9AE772E04FE1D00F3F867 /* NoteItemView.swift in Sources */ = {isa = PBXBuildFile; fileRef = BEA9AE6F2E04FE1D00F3F867 /* NoteItemView.swift */; };
		BEA9AE782E04FE1D00F3F867 /* Note.swift in Sources */ = {isa = PBXBuildFile; fileRef = BEA9AE6A2E04FE1D00F3F867 /* Note.swift */; };
		BEA9AE792E04FE1D00F3F867 /* SettingsView.swift in Sources */ = {isa = PBXBuildFile; fileRef = BEA9AE722E04FE1D00F3F867 /* SettingsView.swift */; };
		BEA9AE7B2E04FE1D00F3F867 /* ExpandingTextView.swift in Sources */ = {isa = PBXBuildFile; fileRef = BEA9AE6E2E04FE1D00F3F867 /* ExpandingTextView.swift */; };
		BEA9AE7C2E04FE1D00F3F867 /* NotesStore.swift in Sources */ = {isa = PBXBuildFile; fileRef = BEA9AE6C2E04FE1D00F3F867 /* NotesStore.swift */; };
		BEA9AE7D2E04FE1D00F3F867 /* NoteItemView.swift in Sources */ = {isa = PBXBuildFile; fileRef = BEA9AE6F2E04FE1D00F3F867 /* NoteItemView.swift */; };
		BEA9AE7E2E04FE1D00F3F867 /* Note.swift in Sources */ = {isa = PBXBuildFile; fileRef = BEA9AE6A2E04FE1D00F3F867 /* Note.swift */; };
/* End PBXBuildFile section */

/* Begin PBXContainerItemProxy section */
		BE407C752DFE5D6A0048CE1A /* PBXContainerItemProxy */ = {
			isa = PBXContainerItemProxy;
			containerPortal = BE407C492DFE5A450048CE1A /* Project object */;
			proxyType = 1;
			remoteGlobalIDString = BE407C642DFE5D680048CE1A;
			remoteInfo = NotesToSelfWidgetExtension;
		};
/* End PBXContainerItemProxy section */

/* Begin PBXCopyFilesBuildPhase section */
		BE407C7C2DFE5D6A0048CE1A /* Embed Foundation Extensions */ = {
			isa = PBXCopyFilesBuildPhase;
			buildActionMask = 2147483647;
			dstPath = "";
			dstSubfolderSpec = 13;
			files = (
				BE407C772DFE5D6A0048CE1A /* NotesToSelfWidgetExtension.appex in Embed Foundation Extensions */,
			);
			name = "Embed Foundation Extensions";
			runOnlyForDeploymentPostprocessing = 0;
		};
/* End PBXCopyFilesBuildPhase section */

/* Begin PBXFileReference section */
		BE00D7F12EA57680000203BD /* AlarmsView.swift */ = {isa = PBXFileReference; lastKnownFileType = sourcecode.swift; path = AlarmsView.swift; sourceTree = "<group>"; };
		BE00D7F22EA57680000203BD /* EntriesView.swift */ = {isa = PBXFileReference; lastKnownFileType = sourcecode.swift; path = EntriesView.swift; sourceTree = "<group>"; };
		BE00D7F32EA57680000203BD /* PeopleView.swift */ = {isa = PBXFileReference; lastKnownFileType = sourcecode.swift; path = PeopleView.swift; sourceTree = "<group>"; };
		BE00D7F72EA57B7C000203BD /* EntriesRowView.swift */ = {isa = PBXFileReference; lastKnownFileType = sourcecode.swift; path = EntriesRowView.swift; sourceTree = "<group>"; };
		BE407C512DFE5A450048CE1A /* Notes to self.app */ = {isa = PBXFileReference; explicitFileType = wrapper.application; includeInIndex = 0; path = "Notes to self.app"; sourceTree = BUILT_PRODUCTS_DIR; };
		BE407C652DFE5D680048CE1A /* NotesToSelfWidgetExtension.appex */ = {isa = PBXFileReference; explicitFileType = "wrapper.app-extension"; includeInIndex = 0; path = NotesToSelfWidgetExtension.appex; sourceTree = BUILT_PRODUCTS_DIR; };
		BE407C672DFE5D680048CE1A /* WidgetKit.framework */ = {isa = PBXFileReference; lastKnownFileType = wrapper.framework; name = WidgetKit.framework; path = System/Library/Frameworks/WidgetKit.framework; sourceTree = SDKROOT; };
		BE407C692DFE5D680048CE1A /* SwiftUI.framework */ = {isa = PBXFileReference; lastKnownFileType = wrapper.framework; name = SwiftUI.framework; path = System/Library/Frameworks/SwiftUI.framework; sourceTree = SDKROOT; };
		BE407C7E2DFE5E8B0048CE1A /* NotesToSelfWidgetExtension.entitlements */ = {isa = PBXFileReference; lastKnownFileType = text.plist.entitlements; path = NotesToSelfWidgetExtension.entitlements; sourceTree = "<group>"; };
		BE6EC8602E8B7F9F004D9E63 /* ImportNotesView.swift */ = {isa = PBXFileReference; lastKnownFileType = sourcecode.swift; path = ImportNotesView.swift; sourceTree = "<group>"; };
		BEA9AE6A2E04FE1D00F3F867 /* Note.swift */ = {isa = PBXFileReference; lastKnownFileType = sourcecode.swift; path = Note.swift; sourceTree = "<group>"; };
		BEA9AE6C2E04FE1D00F3F867 /* NotesStore.swift */ = {isa = PBXFileReference; lastKnownFileType = sourcecode.swift; path = NotesStore.swift; sourceTree = "<group>"; };
		BEA9AE6E2E04FE1D00F3F867 /* ExpandingTextView.swift */ = {isa = PBXFileReference; lastKnownFileType = sourcecode.swift; path = ExpandingTextView.swift; sourceTree = "<group>"; };
		BEA9AE6F2E04FE1D00F3F867 /* NoteItemView.swift */ = {isa = PBXFileReference; lastKnownFileType = sourcecode.swift; path = NoteItemView.swift; sourceTree = "<group>"; };
		BEA9AE712E04FE1D00F3F867 /* ContentView.swift */ = {isa = PBXFileReference; lastKnownFileType = sourcecode.swift; path = ContentView.swift; sourceTree = "<group>"; };
		BEA9AE722E04FE1D00F3F867 /* SettingsView.swift */ = {isa = PBXFileReference; lastKnownFileType = sourcecode.swift; path = SettingsView.swift; sourceTree = "<group>"; };
/* End PBXFileReference section */

/* Begin PBXFileSystemSynchronizedBuildFileExceptionSet section */
		BE407C782DFE5D6A0048CE1A /* Exceptions for "NotesToSelfWidget" folder in "NotesToSelfWidgetExtension" target */ = {
			isa = PBXFileSystemSynchronizedBuildFileExceptionSet;
			membershipExceptions = (
				Info.plist,
			);
			target = BE407C642DFE5D680048CE1A /* NotesToSelfWidgetExtension */;
		};
		BEF862B72DFF983A00E43E98 /* Exceptions for "Notes to self" folder in "NotesToSelfWidgetExtension" target */ = {
			isa = PBXFileSystemSynchronizedBuildFileExceptionSet;
			membershipExceptions = (
				Styling.swift,
			);
			target = BE407C642DFE5D680048CE1A /* NotesToSelfWidgetExtension */;
		};
/* End PBXFileSystemSynchronizedBuildFileExceptionSet section */

/* Begin PBXFileSystemSynchronizedRootGroup section */
		BE407C532DFE5A450048CE1A /* Notes to self */ = {
			isa = PBXFileSystemSynchronizedRootGroup;
			exceptions = (
				BEF862B72DFF983A00E43E98 /* Exceptions for "Notes to self" folder in "NotesToSelfWidgetExtension" target */,
			);
			path = "Notes to self";
			sourceTree = "<group>";
		};
		BE407C6B2DFE5D680048CE1A /* NotesToSelfWidget */ = {
			isa = PBXFileSystemSynchronizedRootGroup;
			exceptions = (
				BE407C782DFE5D6A0048CE1A /* Exceptions for "NotesToSelfWidget" folder in "NotesToSelfWidgetExtension" target */,
			);
			path = NotesToSelfWidget;
			sourceTree = "<group>";
		};
/* End PBXFileSystemSynchronizedRootGroup section */

/* Begin PBXFrameworksBuildPhase section */
		BE407C4E2DFE5A450048CE1A /* Frameworks */ = {
			isa = PBXFrameworksBuildPhase;
			buildActionMask = 2147483647;
			files = (
			);
			runOnlyForDeploymentPostprocessing = 0;
		};
		BE407C622DFE5D680048CE1A /* Frameworks */ = {
			isa = PBXFrameworksBuildPhase;
			buildActionMask = 2147483647;
			files = (
				BE407C6A2DFE5D680048CE1A /* SwiftUI.framework in Frameworks */,
				BE407C682DFE5D680048CE1A /* WidgetKit.framework in Frameworks */,
			);
			runOnlyForDeploymentPostprocessing = 0;
		};
/* End PBXFrameworksBuildPhase section */

/* Begin PBXGroup section */
		BE407C482DFE5A450048CE1A = {
			isa = PBXGroup;
			children = (
				BE407C7E2DFE5E8B0048CE1A /* NotesToSelfWidgetExtension.entitlements */,
				BE407C532DFE5A450048CE1A /* Notes to self */,
				BE407C6B2DFE5D680048CE1A /* NotesToSelfWidget */,
				BE407C662DFE5D680048CE1A /* Frameworks */,
				BE407C522DFE5A450048CE1A /* Products */,
				BEA9AE6B2E04FE1D00F3F867 /* Models */,
				BEA9AE6D2E04FE1D00F3F867 /* Stores */,
				BEA9AE732E04FE1D00F3F867 /* Views */,
			);
			sourceTree = "<group>";
		};
		BE407C522DFE5A450048CE1A /* Products */ = {
			isa = PBXGroup;
			children = (
				BE407C512DFE5A450048CE1A /* Notes to self.app */,
				BE407C652DFE5D680048CE1A /* NotesToSelfWidgetExtension.appex */,
			);
			name = Products;
			sourceTree = "<group>";
		};
		BE407C662DFE5D680048CE1A /* Frameworks */ = {
			isa = PBXGroup;
			children = (
				BE407C672DFE5D680048CE1A /* WidgetKit.framework */,
				BE407C692DFE5D680048CE1A /* SwiftUI.framework */,
			);
			name = Frameworks;
			sourceTree = "<group>";
		};
		BEA9AE6B2E04FE1D00F3F867 /* Models */ = {
			isa = PBXGroup;
			children = (
				BEA9AE6A2E04FE1D00F3F867 /* Note.swift */,
			);
			path = Models;
			sourceTree = "<group>";
		};
		BEA9AE6D2E04FE1D00F3F867 /* Stores */ = {
			isa = PBXGroup;
			children = (
				BEA9AE6C2E04FE1D00F3F867 /* NotesStore.swift */,
			);
			path = Stores;
			sourceTree = "<group>";
		};
		BEA9AE702E04FE1D00F3F867 /* Components */ = {
			isa = PBXGroup;
			children = (
				BEA9AE6E2E04FE1D00F3F867 /* ExpandingTextView.swift */,
				BEA9AE6F2E04FE1D00F3F867 /* NoteItemView.swift */,
			);
			path = Components;
			sourceTree = "<group>";
		};
		BEA9AE732E04FE1D00F3F867 /* Views */ = {
			isa = PBXGroup;
			children = (
				BE00D7F12EA57680000203BD /* AlarmsView.swift */,
				BE00D7F22EA57680000203BD /* EntriesView.swift */,
				BE00D7F32EA57680000203BD /* PeopleView.swift */,
				BEA9AE702E04FE1D00F3F867 /* Components */,
				BEA9AE712E04FE1D00F3F867 /* ContentView.swift */,
				BE6EC8602E8B7F9F004D9E63 /* ImportNotesView.swift */,
				BEA9AE722E04FE1D00F3F867 /* SettingsView.swift */,
				BE00D7F72EA57B7C000203BD /* EntriesRowView.swift */,
			);
			path = Views;
			sourceTree = "<group>";
		};
/* End PBXGroup section */

/* Begin PBXNativeTarget section */
		BE407C502DFE5A450048CE1A /* Notes to self */ = {
			isa = PBXNativeTarget;
			buildConfigurationList = BE407C5E2DFE5A470048CE1A /* Build configuration list for PBXNativeTarget "Notes to self" */;
			buildPhases = (
				BE407C4D2DFE5A450048CE1A /* Sources */,
				BE407C4E2DFE5A450048CE1A /* Frameworks */,
				BE407C4F2DFE5A450048CE1A /* Resources */,
				BE407C7C2DFE5D6A0048CE1A /* Embed Foundation Extensions */,
			);
			buildRules = (
			);
			dependencies = (
				BE407C762DFE5D6A0048CE1A /* PBXTargetDependency */,
			);
			fileSystemSynchronizedGroups = (
				BE407C532DFE5A450048CE1A /* Notes to self */,
			);
			name = "Notes to self";
			packageProductDependencies = (
			);
			productName = "Notes to self";
			productReference = BE407C512DFE5A450048CE1A /* Notes to self.app */;
			productType = "com.apple.product-type.application";
		};
		BE407C642DFE5D680048CE1A /* NotesToSelfWidgetExtension */ = {
			isa = PBXNativeTarget;
			buildConfigurationList = BE407C792DFE5D6A0048CE1A /* Build configuration list for PBXNativeTarget "NotesToSelfWidgetExtension" */;
			buildPhases = (
				BE407C612DFE5D680048CE1A /* Sources */,
				BE407C622DFE5D680048CE1A /* Frameworks */,
				BE407C632DFE5D680048CE1A /* Resources */,
			);
			buildRules = (
			);
			dependencies = (
			);
			fileSystemSynchronizedGroups = (
				BE407C6B2DFE5D680048CE1A /* NotesToSelfWidget */,
			);
			name = NotesToSelfWidgetExtension;
			packageProductDependencies = (
			);
			productName = NotesToSelfWidgetExtension;
			productReference = BE407C652DFE5D680048CE1A /* NotesToSelfWidgetExtension.appex */;
			productType = "com.apple.product-type.app-extension";
		};
/* End PBXNativeTarget section */

/* Begin PBXProject section */
		BE407C492DFE5A450048CE1A /* Project object */ = {
			isa = PBXProject;
			attributes = {
				BuildIndependentTargetsInParallel = 1;
				LastSwiftUpdateCheck = 1640;
				LastUpgradeCheck = 1640;
				TargetAttributes = {
					BE407C502DFE5A450048CE1A = {
						CreatedOnToolsVersion = 16.4;
					};
					BE407C642DFE5D680048CE1A = {
						CreatedOnToolsVersion = 16.4;
					};
				};
			};
			buildConfigurationList = BE407C4C2DFE5A450048CE1A /* Build configuration list for PBXProject "Notes to self" */;
			developmentRegion = en;
			hasScannedForEncodings = 0;
			knownRegions = (
				en,
				Base,
			);
			mainGroup = BE407C482DFE5A450048CE1A;
			minimizedProjectReferenceProxies = 1;
			preferredProjectObjectVersion = 77;
			productRefGroup = BE407C522DFE5A450048CE1A /* Products */;
			projectDirPath = "";
			projectRoot = "";
			targets = (
				BE407C502DFE5A450048CE1A /* Notes to self */,
				BE407C642DFE5D680048CE1A /* NotesToSelfWidgetExtension */,
			);
		};
/* End PBXProject section */

/* Begin PBXResourcesBuildPhase section */
		BE407C4F2DFE5A450048CE1A /* Resources */ = {
			isa = PBXResourcesBuildPhase;
			buildActionMask = 2147483647;
			files = (
			);
			runOnlyForDeploymentPostprocessing = 0;
		};
		BE407C632DFE5D680048CE1A /* Resources */ = {
			isa = PBXResourcesBuildPhase;
			buildActionMask = 2147483647;
			files = (
			);
			runOnlyForDeploymentPostprocessing = 0;
		};
/* End PBXResourcesBuildPhase section */

/* Begin PBXSourcesBuildPhase section */
		BE407C4D2DFE5A450048CE1A /* Sources */ = {
			isa = PBXSourcesBuildPhase;
			buildActionMask = 2147483647;
			files = (
				BE00D7F42EA57680000203BD /* EntriesView.swift in Sources */,
				BE00D7F52EA57680000203BD /* PeopleView.swift in Sources */,
				BE00D7F62EA57680000203BD /* AlarmsView.swift in Sources */,
				BEA9AE742E04FE1D00F3F867 /* ContentView.swift in Sources */,
				BEA9AE752E04FE1D00F3F867 /* ExpandingTextView.swift in Sources */,
				BEA9AE762E04FE1D00F3F867 /* NotesStore.swift in Sources */,
				BE00D7F82EA57B7C000203BD /* EntriesRowView.swift in Sources */,
				BEA9AE772E04FE1D00F3F867 /* NoteItemView.swift in Sources */,
				BEA9AE782E04FE1D00F3F867 /* Note.swift in Sources */,
				BEA9AE792E04FE1D00F3F867 /* SettingsView.swift in Sources */,
				BE6EC8622E8B7F9F004D9E63 /* ImportNotesView.swift in Sources */,
			);
			runOnlyForDeploymentPostprocessing = 0;
		};
		BE407C612DFE5D680048CE1A /* Sources */ = {
			isa = PBXSourcesBuildPhase;
			buildActionMask = 2147483647;
			files = (
				BEA9AE7B2E04FE1D00F3F867 /* ExpandingTextView.swift in Sources */,
				BEA9AE7C2E04FE1D00F3F867 /* NotesStore.swift in Sources */,
				BEA9AE7D2E04FE1D00F3F867 /* NoteItemView.swift in Sources */,
				BEA9AE7E2E04FE1D00F3F867 /* Note.swift in Sources */,
			);
			runOnlyForDeploymentPostprocessing = 0;
		};
/* End PBXSourcesBuildPhase section */

/* Begin PBXTargetDependency section */
		BE407C762DFE5D6A0048CE1A /* PBXTargetDependency */ = {
			isa = PBXTargetDependency;
			target = BE407C642DFE5D680048CE1A /* NotesToSelfWidgetExtension */;
			targetProxy = BE407C752DFE5D6A0048CE1A /* PBXContainerItemProxy */;
		};
/* End PBXTargetDependency section */

/* Begin XCBuildConfiguration section */
		BE407C5C2DFE5A470048CE1A /* Debug */ = {
			isa = XCBuildConfiguration;
			buildSettings = {
				ALWAYS_SEARCH_USER_PATHS = NO;
				ASSETCATALOG_COMPILER_GENERATE_SWIFT_ASSET_SYMBOL_EXTENSIONS = YES;
				CLANG_ANALYZER_NONNULL = YES;
				CLANG_ANALYZER_NUMBER_OBJECT_CONVERSION = YES_AGGRESSIVE;
				CLANG_CXX_LANGUAGE_STANDARD = "gnu++20";
				CLANG_ENABLE_MODULES = YES;
				CLANG_ENABLE_OBJC_ARC = YES;
				CLANG_ENABLE_OBJC_WEAK = YES;
				CLANG_WARN_BLOCK_CAPTURE_AUTORELEASING = YES;
				CLANG_WARN_BOOL_CONVERSION = YES;
				CLANG_WARN_COMMA = YES;
				CLANG_WARN_CONSTANT_CONVERSION = YES;
				CLANG_WARN_DEPRECATED_OBJC_IMPLEMENTATIONS = YES;
				CLANG_WARN_DIRECT_OBJC_ISA_USAGE = YES_ERROR;
				CLANG_WARN_DOCUMENTATION_COMMENTS = YES;
				CLANG_WARN_EMPTY_BODY = YES;
				CLANG_WARN_ENUM_CONVERSION = YES;
				CLANG_WARN_INFINITE_RECURSION = YES;
				CLANG_WARN_INT_CONVERSION = YES;
				CLANG_WARN_NON_LITERAL_NULL_CONVERSION = YES;
				CLANG_WARN_OBJC_IMPLICIT_RETAIN_SELF = YES;
				CLANG_WARN_OBJC_LITERAL_CONVERSION = YES;
				CLANG_WARN_OBJC_ROOT_CLASS = YES_ERROR;
				CLANG_WARN_QUOTED_INCLUDE_IN_FRAMEWORK_HEADER = YES;
				CLANG_WARN_RANGE_LOOP_ANALYSIS = YES;
				CLANG_WARN_STRICT_PROTOTYPES = YES;
				CLANG_WARN_SUSPICIOUS_MOVE = YES;
				CLANG_WARN_UNGUARDED_AVAILABILITY = YES_AGGRESSIVE;
				CLANG_WARN_UNREACHABLE_CODE = YES;
				CLANG_WARN__DUPLICATE_METHOD_MATCH = YES;
				COPY_PHASE_STRIP = NO;
				DEBUG_INFORMATION_FORMAT = dwarf;
				DEVELOPMENT_TEAM = 56D49LEJ39;
				ENABLE_STRICT_OBJC_MSGSEND = YES;
				ENABLE_TESTABILITY = YES;
				ENABLE_USER_SCRIPT_SANDBOXING = YES;
				GCC_C_LANGUAGE_STANDARD = gnu17;
				GCC_DYNAMIC_NO_PIC = NO;
				GCC_NO_COMMON_BLOCKS = YES;
				GCC_OPTIMIZATION_LEVEL = 0;
				GCC_PREPROCESSOR_DEFINITIONS = (
					"DEBUG=1",
					"$(inherited)",
				);
				GCC_WARN_64_TO_32_BIT_CONVERSION = YES;
				GCC_WARN_ABOUT_RETURN_TYPE = YES_ERROR;
				GCC_WARN_UNDECLARED_SELECTOR = YES;
				GCC_WARN_UNINITIALIZED_AUTOS = YES_AGGRESSIVE;
				GCC_WARN_UNUSED_FUNCTION = YES;
				GCC_WARN_UNUSED_VARIABLE = YES;
				IPHONEOS_DEPLOYMENT_TARGET = 18.5;
				LOCALIZATION_PREFERS_STRING_CATALOGS = YES;
				MTL_ENABLE_DEBUG_INFO = INCLUDE_SOURCE;
				MTL_FAST_MATH = YES;
				ONLY_ACTIVE_ARCH = YES;
				SDKROOT = iphoneos;
				SWIFT_ACTIVE_COMPILATION_CONDITIONS = "DEBUG $(inherited)";
				SWIFT_OPTIMIZATION_LEVEL = "-Onone";
			};
			name = Debug;
		};
		BE407C5D2DFE5A470048CE1A /* Release */ = {
			isa = XCBuildConfiguration;
			buildSettings = {
				ALWAYS_SEARCH_USER_PATHS = NO;
				ASSETCATALOG_COMPILER_GENERATE_SWIFT_ASSET_SYMBOL_EXTENSIONS = YES;
				CLANG_ANALYZER_NONNULL = YES;
				CLANG_ANALYZER_NUMBER_OBJECT_CONVERSION = YES_AGGRESSIVE;
				CLANG_CXX_LANGUAGE_STANDARD = "gnu++20";
				CLANG_ENABLE_MODULES = YES;
				CLANG_ENABLE_OBJC_ARC = YES;
				CLANG_ENABLE_OBJC_WEAK = YES;
				CLANG_WARN_BLOCK_CAPTURE_AUTORELEASING = YES;
				CLANG_WARN_BOOL_CONVERSION = YES;
				CLANG_WARN_COMMA = YES;
				CLANG_WARN_CONSTANT_CONVERSION = YES;
				CLANG_WARN_DEPRECATED_OBJC_IMPLEMENTATIONS = YES;
				CLANG_WARN_DIRECT_OBJC_ISA_USAGE = YES_ERROR;
				CLANG_WARN_DOCUMENTATION_COMMENTS = YES;
				CLANG_WARN_EMPTY_BODY = YES;
				CLANG_WARN_ENUM_CONVERSION = YES;
				CLANG_WARN_INFINITE_RECURSION = YES;
				CLANG_WARN_INT_CONVERSION = YES;
				CLANG_WARN_NON_LITERAL_NULL_CONVERSION = YES;
				CLANG_WARN_OBJC_IMPLICIT_RETAIN_SELF = YES;
				CLANG_WARN_OBJC_LITERAL_CONVERSION = YES;
				CLANG_WARN_OBJC_ROOT_CLASS = YES_ERROR;
				CLANG_WARN_QUOTED_INCLUDE_IN_FRAMEWORK_HEADER = YES;
				CLANG_WARN_RANGE_LOOP_ANALYSIS = YES;
				CLANG_WARN_STRICT_PROTOTYPES = YES;
				CLANG_WARN_SUSPICIOUS_MOVE = YES;
				CLANG_WARN_UNGUARDED_AVAILABILITY = YES_AGGRESSIVE;
				CLANG_WARN_UNREACHABLE_CODE = YES;
				CLANG_WARN__DUPLICATE_METHOD_MATCH = YES;
				COPY_PHASE_STRIP = NO;
				DEBUG_INFORMATION_FORMAT = "dwarf-with-dsym";
				DEVELOPMENT_TEAM = 56D49LEJ39;
				ENABLE_NS_ASSERTIONS = NO;
				ENABLE_STRICT_OBJC_MSGSEND = YES;
				ENABLE_USER_SCRIPT_SANDBOXING = YES;
				GCC_C_LANGUAGE_STANDARD = gnu17;
				GCC_NO_COMMON_BLOCKS = YES;
				GCC_WARN_64_TO_32_BIT_CONVERSION = YES;
				GCC_WARN_ABOUT_RETURN_TYPE = YES_ERROR;
				GCC_WARN_UNDECLARED_SELECTOR = YES;
				GCC_WARN_UNINITIALIZED_AUTOS = YES_AGGRESSIVE;
				GCC_WARN_UNUSED_FUNCTION = YES;
				GCC_WARN_UNUSED_VARIABLE = YES;
				IPHONEOS_DEPLOYMENT_TARGET = 18.5;
				LOCALIZATION_PREFERS_STRING_CATALOGS = YES;
				MTL_ENABLE_DEBUG_INFO = NO;
				MTL_FAST_MATH = YES;
				SDKROOT = iphoneos;
				SWIFT_COMPILATION_MODE = wholemodule;
				VALIDATE_PRODUCT = YES;
			};
			name = Release;
		};
		BE407C5F2DFE5A470048CE1A /* Debug */ = {
			isa = XCBuildConfiguration;
			buildSettings = {
				ASSETCATALOG_COMPILER_APPICON_NAME = AppIcon;
				ASSETCATALOG_COMPILER_GLOBAL_ACCENT_COLOR_NAME = AccentColor;
				ASSETCATALOG_COMPILER_INCLUDE_ALL_APPICON_ASSETS = YES;
				CODE_SIGN_ENTITLEMENTS = "Notes to self/Notes to self.entitlements";
				CODE_SIGN_STYLE = Automatic;
				CURRENT_PROJECT_VERSION = 1;
				DEVELOPMENT_TEAM = 56D49LEJ39;
				ENABLE_PREVIEWS = YES;
				GENERATE_INFOPLIST_FILE = YES;
				INFOPLIST_KEY_UIApplicationSceneManifest_Generation = YES;
				INFOPLIST_KEY_UIApplicationSupportsIndirectInputEvents = YES;
				INFOPLIST_KEY_UILaunchScreen_Generation = YES;
				INFOPLIST_KEY_UISupportedInterfaceOrientations_iPad = "UIInterfaceOrientationPortrait UIInterfaceOrientationPortraitUpsideDown UIInterfaceOrientationLandscapeLeft UIInterfaceOrientationLandscapeRight";
				INFOPLIST_KEY_UISupportedInterfaceOrientations_iPhone = "UIInterfaceOrientationPortrait UIInterfaceOrientationLandscapeLeft UIInterfaceOrientationLandscapeRight";
				IPHONEOS_DEPLOYMENT_TARGET = 17.6;
				LD_RUNPATH_SEARCH_PATHS = (
					"$(inherited)",
					"@executable_path/Frameworks",
				);
				MARKETING_VERSION = 1.0;
				PRODUCT_BUNDLE_IDENTIFIER = "co.uk.cursive.Notes-to-self";
				PRODUCT_NAME = "$(TARGET_NAME)";
				SWIFT_EMIT_LOC_STRINGS = YES;
				SWIFT_VERSION = 5.0;
				TARGETED_DEVICE_FAMILY = "1,2";
			};
			name = Debug;
		};
		BE407C602DFE5A470048CE1A /* Release */ = {
			isa = XCBuildConfiguration;
			buildSettings = {
				ASSETCATALOG_COMPILER_APPICON_NAME = AppIcon;
				ASSETCATALOG_COMPILER_GLOBAL_ACCENT_COLOR_NAME = AccentColor;
				ASSETCATALOG_COMPILER_INCLUDE_ALL_APPICON_ASSETS = YES;
				CODE_SIGN_ENTITLEMENTS = "Notes to self/Notes to self.entitlements";
				CODE_SIGN_STYLE = Automatic;
				CURRENT_PROJECT_VERSION = 1;
				DEVELOPMENT_TEAM = 56D49LEJ39;
				ENABLE_PREVIEWS = YES;
				GENERATE_INFOPLIST_FILE = YES;
				INFOPLIST_KEY_UIApplicationSceneManifest_Generation = YES;
				INFOPLIST_KEY_UIApplicationSupportsIndirectInputEvents = YES;
				INFOPLIST_KEY_UILaunchScreen_Generation = YES;
				INFOPLIST_KEY_UISupportedInterfaceOrientations_iPad = "UIInterfaceOrientationPortrait UIInterfaceOrientationPortraitUpsideDown UIInterfaceOrientationLandscapeLeft UIInterfaceOrientationLandscapeRight";
				INFOPLIST_KEY_UISupportedInterfaceOrientations_iPhone = "UIInterfaceOrientationPortrait UIInterfaceOrientationLandscapeLeft UIInterfaceOrientationLandscapeRight";
				IPHONEOS_DEPLOYMENT_TARGET = 17.6;
				LD_RUNPATH_SEARCH_PATHS = (
					"$(inherited)",
					"@executable_path/Frameworks",
				);
				MARKETING_VERSION = 1.0;
				PRODUCT_BUNDLE_IDENTIFIER = "co.uk.cursive.Notes-to-self";
				PRODUCT_NAME = "$(TARGET_NAME)";
				SWIFT_EMIT_LOC_STRINGS = YES;
				SWIFT_VERSION = 5.0;
				TARGETED_DEVICE_FAMILY = "1,2";
			};
			name = Release;
		};
		BE407C7A2DFE5D6A0048CE1A /* Debug */ = {
			isa = XCBuildConfiguration;
			buildSettings = {
				ASSETCATALOG_COMPILER_GLOBAL_ACCENT_COLOR_NAME = AccentColor;
				ASSETCATALOG_COMPILER_WIDGET_BACKGROUND_COLOR_NAME = WidgetBackground;
				CODE_SIGN_ENTITLEMENTS = NotesToSelfWidgetExtension.entitlements;
				CODE_SIGN_STYLE = Automatic;
				CURRENT_PROJECT_VERSION = 1;
				DEVELOPMENT_TEAM = 56D49LEJ39;
				GENERATE_INFOPLIST_FILE = YES;
				INFOPLIST_FILE = NotesToSelfWidget/Info.plist;
				INFOPLIST_KEY_CFBundleDisplayName = NotesToSelfWidget;
				INFOPLIST_KEY_NSHumanReadableCopyright = "";
				LD_RUNPATH_SEARCH_PATHS = (
					"$(inherited)",
					"@executable_path/Frameworks",
					"@executable_path/../../Frameworks",
				);
				MARKETING_VERSION = 1.0;
				PRODUCT_BUNDLE_IDENTIFIER = "co.uk.cursive.Notes-to-self.NotesToSelfWidget";
				PRODUCT_NAME = "$(TARGET_NAME)";
				SKIP_INSTALL = YES;
				SWIFT_EMIT_LOC_STRINGS = YES;
				SWIFT_VERSION = 5.0;
				TARGETED_DEVICE_FAMILY = "1,2";
			};
			name = Debug;
		};
		BE407C7B2DFE5D6A0048CE1A /* Release */ = {
			isa = XCBuildConfiguration;
			buildSettings = {
				ASSETCATALOG_COMPILER_GLOBAL_ACCENT_COLOR_NAME = AccentColor;
				ASSETCATALOG_COMPILER_WIDGET_BACKGROUND_COLOR_NAME = WidgetBackground;
				CODE_SIGN_ENTITLEMENTS = NotesToSelfWidgetExtension.entitlements;
				CODE_SIGN_STYLE = Automatic;
				CURRENT_PROJECT_VERSION = 1;
				DEVELOPMENT_TEAM = 56D49LEJ39;
				GENERATE_INFOPLIST_FILE = YES;
				INFOPLIST_FILE = NotesToSelfWidget/Info.plist;
				INFOPLIST_KEY_CFBundleDisplayName = NotesToSelfWidget;
				INFOPLIST_KEY_NSHumanReadableCopyright = "";
				LD_RUNPATH_SEARCH_PATHS = (
					"$(inherited)",
					"@executable_path/Frameworks",
					"@executable_path/../../Frameworks",
				);
				MARKETING_VERSION = 1.0;
				PRODUCT_BUNDLE_IDENTIFIER = "co.uk.cursive.Notes-to-self.NotesToSelfWidget";
				PRODUCT_NAME = "$(TARGET_NAME)";
				SKIP_INSTALL = YES;
				SWIFT_EMIT_LOC_STRINGS = YES;
				SWIFT_VERSION = 5.0;
				TARGETED_DEVICE_FAMILY = "1,2";
			};
			name = Release;
		};
/* End XCBuildConfiguration section */

/* Begin XCConfigurationList section */
		BE407C4C2DFE5A450048CE1A /* Build configuration list for PBXProject "Notes to self" */ = {
			isa = XCConfigurationList;
			buildConfigurations = (
				BE407C5C2DFE5A470048CE1A /* Debug */,
				BE407C5D2DFE5A470048CE1A /* Release */,
			);
			defaultConfigurationIsVisible = 0;
			defaultConfigurationName = Release;
		};
		BE407C5E2DFE5A470048CE1A /* Build configuration list for PBXNativeTarget "Notes to self" */ = {
			isa = XCConfigurationList;
			buildConfigurations = (
				BE407C5F2DFE5A470048CE1A /* Debug */,
				BE407C602DFE5A470048CE1A /* Release */,
			);
			defaultConfigurationIsVisible = 0;
			defaultConfigurationName = Release;
		};
		BE407C792DFE5D6A0048CE1A /* Build configuration list for PBXNativeTarget "NotesToSelfWidgetExtension" */ = {
			isa = XCConfigurationList;
			buildConfigurations = (
				BE407C7A2DFE5D6A0048CE1A /* Debug */,
				BE407C7B2DFE5D6A0048CE1A /* Release */,
			);
			defaultConfigurationIsVisible = 0;
			defaultConfigurationName = Release;
		};
/* End XCConfigurationList section */
	};
	rootObject = BE407C492DFE5A450048CE1A /* Project object */;
}
